
Microsoft Visual Studio Solution File, Format Version 12.00
# Visual Studio 14
VisualStudioVersion = 14.0.25420.1
MinimumVisualStudioVersion = 10.0.40219.1
Project("{2150E333-8FDC-42A3-9474-1A3956D46DE8}") = "Solution Items", "Solution Items", "{542563B6-C658-4ACA-8DD5-026278C9BBC7}"
	ProjectSection(SolutionItems) = preProject
		.gitignore = .gitignore
		Contributing.md = Contributing.md
		README.md = README.md
	EndProjectSection
EndProject
Project("{FAE04EC0-301F-11D3-BF4B-00C04F79EFBC}") = "APIReactor", "APIReactor\APIReactor.csproj", "{A45820C7-80E9-4C1C-9542-6AFD0FB05D6A}"
EndProject
Global
	GlobalSection(SolutionConfigurationPlatforms) = preSolution
		Debug|Any CPU = Debug|Any CPU
		Release|Any CPU = Release|Any CPU
	EndGlobalSection
	GlobalSection(ProjectConfigurationPlatforms) = postSolution
		{A45820C7-80E9-4C1C-9542-6AFD0FB05D6A}.Debug|Any CPU.ActiveCfg = Debug|Any CPU
		{A45820C7-80E9-4C1C-9542-6AFD0FB05D6A}.Debug|Any CPU.Build.0 = Debug|Any CPU
		{A45820C7-80E9-4C1C-9542-6AFD0FB05D6A}.Release|Any CPU.ActiveCfg = Release|Any CPU
		{A45820C7-80E9-4C1C-9542-6AFD0FB05D6A}.Release|Any CPU.Build.0 = Release|Any CPU
	EndGlobalSection
	GlobalSection(SolutionProperties) = preSolution
		HideSolutionNode = FALSE
	EndGlobalSection
	GlobalSection(NestedProjects) = preSolution
		{A45820C7-80E9-4C1C-9542-6AFD0FB05D6A} = {542563B6-C658-4ACA-8DD5-026278C9BBC7}
	EndGlobalSection
EndGlobal
